
Microsoft Visual Studio Solution File, Format Version 12.00
# Visual Studio Version 16
VisualStudioVersion = 16.0.30413.136
MinimumVisualStudioVersion = 10.0.40219.1
Project("{FAE04EC0-301F-11D3-BF4B-00C04F79EFBC}") = "TestQueueApp", "TestQueueApp\TestQueueApp.csproj", "{FF1BC7DE-88F6-4C52-A716-59AA595CEA57}"
EndProject
Project("{FAE04EC0-301F-11D3-BF4B-00C04F79EFBC}") = "TestCoreApp", "TestCoreApp\TestCoreApp.csproj", "{F228DA27-D5C6-45C9-9117-16DD812F35D2}"
EndProject
Global
	GlobalSection(SolutionConfigurationPlatforms) = preSolution
		Debug|Any CPU = Debug|Any CPU
		Release|Any CPU = Release|Any CPU
	EndGlobalSection
	GlobalSection(ProjectConfigurationPlatforms) = postSolution
		{FF1BC7DE-88F6-4C52-A716-59AA595CEA57}.Debug|Any CPU.ActiveCfg = Debug|Any CPU
		{FF1BC7DE-88F6-4C52-A716-59AA595CEA57}.Debug|Any CPU.Build.0 = Debug|Any CPU
		{FF1BC7DE-88F6-4C52-A716-59AA595CEA57}.Release|Any CPU.ActiveCfg = Release|Any CPU
		{FF1BC7DE-88F6-4C52-A716-59AA595CEA57}.Release|Any CPU.Build.0 = Release|Any CPU
		{F228DA27-D5C6-45C9-9117-16DD812F35D2}.Debug|Any CPU.ActiveCfg = Debug|Any CPU
		{F228DA27-D5C6-45C9-9117-16DD812F35D2}.Debug|Any CPU.Build.0 = Debug|Any CPU
		{F228DA27-D5C6-45C9-9117-16DD812F35D2}.Release|Any CPU.ActiveCfg = Release|Any CPU
		{F228DA27-D5C6-45C9-9117-16DD812F35D2}.Release|Any CPU.Build.0 = Release|Any CPU
	EndGlobalSection
	GlobalSection(SolutionProperties) = preSolution
		HideSolutionNode = FALSE
	EndGlobalSection
	GlobalSection(ExtensibilityGlobals) = postSolution
		SolutionGuid = {8895A94F-768D-432E-8BA6-EA605285E74F}
	EndGlobalSection
EndGlobal
